// !$*UTF8*$!
{
	archiveVersion = 1;
	classes = {
	};
	objectVersion = 50;
	objects = {

/* Begin PBXBuildFile section */
		7C5F71593B3B8F034A0D780D /* Errors.swift in Sources */ = {isa = PBXBuildFile; fileRef = 7C5F7CA4A6BF7893B9D04648 /* Errors.swift */; };
		7C5F732485BBAA4EF7319FCF /* main.swift in Sources */ = {isa = PBXBuildFile; fileRef = 7C5F77EDC0E1A148B909CE9B /* main.swift */; };
		7C5F737DCAF9507B1C2423F4 /* Closures.swift in Sources */ = {isa = PBXBuildFile; fileRef = 7C5F7B03EEB2D58D8312466B /* Closures.swift */; };
		7C5F78E49D09499A2DFF4D11 /* TraktorParts.swift in Sources */ = {isa = PBXBuildFile; fileRef = 7C5F76537E6B8112D3FEBF46 /* TraktorParts.swift */; };
		7C5F7C9CFB2DB3513D48B6D0 /* CarParts.swift in Sources */ = {isa = PBXBuildFile; fileRef = 7C5F77FF8CC30C3626FC4639 /* CarParts.swift */; };
		7C5F7E8E0B2050C9154921EB /* Cars.swift in Sources */ = {isa = PBXBuildFile; fileRef = 7C5F7B4E18D01E5F8E53476A /* Cars.swift */; };
/* End PBXBuildFile section */

/* Begin PBXCopyFilesBuildPhase section */
		44DB706A21875FD60091BF55 /* CopyFiles */ = {
			isa = PBXCopyFilesBuildPhase;
			buildActionMask = 2147483647;
			dstPath = /usr/share/man/man1/;
			dstSubfolderSpec = 0;
			files = (
			);
			runOnlyForDeploymentPostprocessing = 1;
		};
/* End PBXCopyFilesBuildPhase section */

/* Begin PBXFileReference section */
		44DB706C21875FD60091BF55 /* EK-Lesson-2-classes */ = {isa = PBXFileReference; explicitFileType = "compiled.mach-o.executable"; includeInIndex = 0; path = "EK-Lesson-2-classes"; sourceTree = BUILT_PRODUCTS_DIR; };
		7C5F76537E6B8112D3FEBF46 /* TraktorParts.swift */ = {isa = PBXFileReference; fileEncoding = 4; lastKnownFileType = sourcecode.swift; name = TraktorParts.swift; path = car/TraktorParts.swift; sourceTree = "<group>"; };
		7C5F77EDC0E1A148B909CE9B /* main.swift */ = {isa = PBXFileReference; fileEncoding = 4; lastKnownFileType = sourcecode.swift; path = main.swift; sourceTree = "<group>"; };
		7C5F77FF8CC30C3626FC4639 /* CarParts.swift */ = {isa = PBXFileReference; fileEncoding = 4; lastKnownFileType = sourcecode.swift; name = CarParts.swift; path = car/CarParts.swift; sourceTree = "<group>"; };
		7C5F7B03EEB2D58D8312466B /* Closures.swift */ = {isa = PBXFileReference; fileEncoding = 4; lastKnownFileType = sourcecode.swift; name = Closures.swift; path = closure/Closures.swift; sourceTree = "<group>"; };
		7C5F7B4E18D01E5F8E53476A /* Cars.swift */ = {isa = PBXFileReference; fileEncoding = 4; lastKnownFileType = sourcecode.swift; name = Cars.swift; path = car/Cars.swift; sourceTree = "<group>"; };
		7C5F7CA4A6BF7893B9D04648 /* Errors.swift */ = {isa = PBXFileReference; fileEncoding = 4; lastKnownFileType = sourcecode.swift; name = Errors.swift; path = car/Errors.swift; sourceTree = "<group>"; };
/* End PBXFileReference section */

/* Begin PBXFrameworksBuildPhase section */
		44DB706921875FD60091BF55 /* Frameworks */ = {
			isa = PBXFrameworksBuildPhase;
			buildActionMask = 2147483647;
			files = (
			);
			runOnlyForDeploymentPostprocessing = 0;
		};
/* End PBXFrameworksBuildPhase section */

/* Begin PBXGroup section */
		44DB706321875FD60091BF55 = {
			isa = PBXGroup;
			children = (
				44DB706E21875FD60091BF55 /* EK-Lesson-2-classes */,
				44DB706D21875FD60091BF55 /* Products */,
			);
			sourceTree = "<group>";
		};
		44DB706D21875FD60091BF55 /* Products */ = {
			isa = PBXGroup;
			children = (
				44DB706C21875FD60091BF55 /* EK-Lesson-2-classes */,
			);
			name = Products;
			sourceTree = "<group>";
		};
		44DB706E21875FD60091BF55 /* EK-Lesson-2-classes */ = {
			isa = PBXGroup;
			children = (
				7C5F7CA4A6BF7893B9D04648 /* Errors.swift */,
				7C5F76537E6B8112D3FEBF46 /* TraktorParts.swift */,
				7C5F7B4E18D01E5F8E53476A /* Cars.swift */,
				7C5F77FF8CC30C3626FC4639 /* CarParts.swift */,
				7C5F7B03EEB2D58D8312466B /* Closures.swift */,
				7C5F77EDC0E1A148B909CE9B /* main.swift */,
			);
			path = "EK-Lesson-2-classes";
			sourceTree = "<group>";
		};
/* End PBXGroup section */

/* Begin PBXNativeTarget section */
		44DB706B21875FD60091BF55 /* EK-Lesson-2-classes */ = {
			isa = PBXNativeTarget;
			buildConfigurationList = 44DB707321875FD60091BF55 /* Build configuration list for PBXNativeTarget "EK-Lesson-2-classes" */;
			buildPhases = (
				44DB706821875FD60091BF55 /* Sources */,
				44DB706921875FD60091BF55 /* Frameworks */,
				44DB706A21875FD60091BF55 /* CopyFiles */,
			);
			buildRules = (
			);
			dependencies = (
			);
			name = "EK-Lesson-2-classes";
			productName = "EK-Lesson-2-classes";
			productReference = 44DB706C21875FD60091BF55 /* EK-Lesson-2-classes */;
			productType = "com.apple.product-type.tool";
		};
/* End PBXNativeTarget section */

/* Begin PBXProject section */
		44DB706421875FD60091BF55 /* Project object */ = {
			isa = PBXProject;
			attributes = {
				LastSwiftUpdateCheck = 1000;
				LastUpgradeCheck = 1000;
				ORGANIZATIONNAME = Eugene;
				TargetAttributes = {
					44DB706B21875FD60091BF55 = {
						CreatedOnToolsVersion = 10.0;
					};
				};
			};
			buildConfigurationList = 44DB706721875FD60091BF55 /* Build configuration list for PBXProject "EK-Lesson-2-classes" */;
			compatibilityVersion = "Xcode 9.3";
			developmentRegion = en;
			hasScannedForEncodings = 0;
			knownRegions = (
				en,
			);
			mainGroup = 44DB706321875FD60091BF55;
			productRefGroup = 44DB706D21875FD60091BF55 /* Products */;
			projectDirPath = "";
			projectRoot = "";
			targets = (
				44DB706B21875FD60091BF55 /* EK-Lesson-2-classes */,
			);
		};
/* End PBXProject section */

/* Begin PBXSourcesBuildPhase section */
		44DB706821875FD60091BF55 /* Sources */ = {
			isa = PBXSourcesBuildPhase;
			buildActionMask = 2147483647;
			files = (
				7C5F71593B3B8F034A0D780D /* Errors.swift in Sources */,
				7C5F78E49D09499A2DFF4D11 /* TraktorParts.swift in Sources */,
				7C5F7E8E0B2050C9154921EB /* Cars.swift in Sources */,
				7C5F7C9CFB2DB3513D48B6D0 /* CarParts.swift in Sources */,
				7C5F737DCAF9507B1C2423F4 /* Closures.swift in Sources */,
				7C5F732485BBAA4EF7319FCF /* main.swift in Sources */,
			);
			runOnlyForDeploymentPostprocessing = 0;
		};
/* End PBXSourcesBuildPhase section */

/* Begin XCBuildConfiguration section */
		44DB707121875FD60091BF55 /* Debug */ = {
			isa = XCBuildConfiguration;
			buildSettings = {
				ALWAYS_SEARCH_USER_PATHS = NO;
				CLANG_ANALYZER_NONNULL = YES;
				CLANG_ANALYZER_NUMBER_OBJECT_CONVERSION = YES_AGGRESSIVE;
				CLANG_CXX_LANGUAGE_STANDARD = "gnu++14";
				CLANG_CXX_LIBRARY = "libc++";
				CLANG_ENABLE_MODULES = YES;
				CLANG_ENABLE_OBJC_ARC = YES;
				CLANG_ENABLE_OBJC_WEAK = YES;
				CLANG_WARN_BLOCK_CAPTURE_AUTORELEASING = YES;
				CLANG_WARN_BOOL_CONVERSION = YES;
				CLANG_WARN_COMMA = YES;
				CLANG_WARN_CONSTANT_CONVERSION = YES;
				CLANG_WARN_DEPRECATED_OBJC_IMPLEMENTATIONS = YES;
				CLANG_WARN_DIRECT_OBJC_ISA_USAGE = YES_ERROR;
				CLANG_WARN_DOCUMENTATION_COMMENTS = YES;
				CLANG_WARN_EMPTY_BODY = YES;
				CLANG_WARN_ENUM_CONVERSION = YES;
				CLANG_WARN_INFINITE_RECURSION = YES;
				CLANG_WARN_INT_CONVERSION = YES;
				CLANG_WARN_NON_LITERAL_NULL_CONVERSION = YES;
				CLANG_WARN_OBJC_IMPLICIT_RETAIN_SELF = YES;
				CLANG_WARN_OBJC_LITERAL_CONVERSION = YES;
				CLANG_WARN_OBJC_ROOT_CLASS = YES_ERROR;
				CLANG_WARN_RANGE_LOOP_ANALYSIS = YES;
				CLANG_WARN_STRICT_PROTOTYPES = YES;
				CLANG_WARN_SUSPICIOUS_MOVE = YES;
				CLANG_WARN_UNGUARDED_AVAILABILITY = YES_AGGRESSIVE;
				CLANG_WARN_UNREACHABLE_CODE = YES;
				CLANG_WARN__DUPLICATE_METHOD_MATCH = YES;
				CODE_SIGN_IDENTITY = "-";
				COPY_PHASE_STRIP = NO;
				DEBUG_INFORMATION_FORMAT = dwarf;
				ENABLE_STRICT_OBJC_MSGSEND = YES;
				ENABLE_TESTABILITY = YES;
				GCC_C_LANGUAGE_STANDARD = gnu11;
				GCC_DYNAMIC_NO_PIC = NO;
				GCC_NO_COMMON_BLOCKS = YES;
				GCC_OPTIMIZATION_LEVEL = 0;
				GCC_PREPROCESSOR_DEFINITIONS = (
					"DEBUG=1",
					"$(inherited)",
				);
				GCC_WARN_64_TO_32_BIT_CONVERSION = YES;
				GCC_WARN_ABOUT_RETURN_TYPE = YES_ERROR;
				GCC_WARN_UNDECLARED_SELECTOR = YES;
				GCC_WARN_UNINITIALIZED_AUTOS = YES_AGGRESSIVE;
				GCC_WARN_UNUSED_FUNCTION = YES;
				GCC_WARN_UNUSED_VARIABLE = YES;
				MACOSX_DEPLOYMENT_TARGET = 10.13;
				MTL_ENABLE_DEBUG_INFO = INCLUDE_SOURCE;
				MTL_FAST_MATH = YES;
				ONLY_ACTIVE_ARCH = YES;
				SDKROOT = macosx;
				SWIFT_ACTIVE_COMPILATION_CONDITIONS = DEBUG;
				SWIFT_OPTIMIZATION_LEVEL = "-Onone";
			};
			name = Debug;
		};
		44DB707221875FD60091BF55 /* Release */ = {
			isa = XCBuildConfiguration;
			buildSettings = {
				ALWAYS_SEARCH_USER_PATHS = NO;
				CLANG_ANALYZER_NONNULL = YES;
				CLANG_ANALYZER_NUMBER_OBJECT_CONVERSION = YES_AGGRESSIVE;
				CLANG_CXX_LANGUAGE_STANDARD = "gnu++14";
				CLANG_CXX_LIBRARY = "libc++";
				CLANG_ENABLE_MODULES = YES;
				CLANG_ENABLE_OBJC_ARC = YES;
				CLANG_ENABLE_OBJC_WEAK = YES;
				CLANG_WARN_BLOCK_CAPTURE_AUTORELEASING = YES;
				CLANG_WARN_BOOL_CONVERSION = YES;
				CLANG_WARN_COMMA = YES;
				CLANG_WARN_CONSTANT_CONVERSION = YES;
				CLANG_WARN_DEPRECATED_OBJC_IMPLEMENTATIONS = YES;
				CLANG_WARN_DIRECT_OBJC_ISA_USAGE = YES_ERROR;
				CLANG_WARN_DOCUMENTATION_COMMENTS = YES;
				CLANG_WARN_EMPTY_BODY = YES;
				CLANG_WARN_ENUM_CONVERSION = YES;
				CLANG_WARN_INFINITE_RECURSION = YES;
				CLANG_WARN_INT_CONVERSION = YES;
				CLANG_WARN_NON_LITERAL_NULL_CONVERSION = YES;
				CLANG_WARN_OBJC_IMPLICIT_RETAIN_SELF = YES;
				CLANG_WARN_OBJC_LITERAL_CONVERSION = YES;
				CLANG_WARN_OBJC_ROOT_CLASS = YES_ERROR;
				CLANG_WARN_RANGE_LOOP_ANALYSIS = YES;
				CLANG_WARN_STRICT_PROTOTYPES = YES;
				CLANG_WARN_SUSPICIOUS_MOVE = YES;
				CLANG_WARN_UNGUARDED_AVAILABILITY = YES_AGGRESSIVE;
				CLANG_WARN_UNREACHABLE_CODE = YES;
				CLANG_WARN__DUPLICATE_METHOD_MATCH = YES;
				CODE_SIGN_IDENTITY = "-";
				COPY_PHASE_STRIP = NO;
				DEBUG_INFORMATION_FORMAT = "dwarf-with-dsym";
				ENABLE_NS_ASSERTIONS = NO;
				ENABLE_STRICT_OBJC_MSGSEND = YES;
				GCC_C_LANGUAGE_STANDARD = gnu11;
				GCC_NO_COMMON_BLOCKS = YES;
				GCC_WARN_64_TO_32_BIT_CONVERSION = YES;
				GCC_WARN_ABOUT_RETURN_TYPE = YES_ERROR;
				GCC_WARN_UNDECLARED_SELECTOR = YES;
				GCC_WARN_UNINITIALIZED_AUTOS = YES_AGGRESSIVE;
				GCC_WARN_UNUSED_FUNCTION = YES;
				GCC_WARN_UNUSED_VARIABLE = YES;
				MACOSX_DEPLOYMENT_TARGET = 10.13;
				MTL_ENABLE_DEBUG_INFO = NO;
				MTL_FAST_MATH = YES;
				SDKROOT = macosx;
				SWIFT_COMPILATION_MODE = wholemodule;
				SWIFT_OPTIMIZATION_LEVEL = "-O";
			};
			name = Release;
		};
		44DB707421875FD60091BF55 /* Debug */ = {
			isa = XCBuildConfiguration;
			buildSettings = {
				CODE_SIGN_STYLE = Automatic;
				PRODUCT_NAME = "$(TARGET_NAME)";
				SWIFT_VERSION = 4.2;
			};
			name = Debug;
		};
		44DB707521875FD60091BF55 /* Release */ = {
			isa = XCBuildConfiguration;
			buildSettings = {
				CODE_SIGN_STYLE = Automatic;
				PRODUCT_NAME = "$(TARGET_NAME)";
				SWIFT_VERSION = 4.2;
			};
			name = Release;
		};
/* End XCBuildConfiguration section */

/* Begin XCConfigurationList section */
		44DB706721875FD60091BF55 /* Build configuration list for PBXProject "EK-Lesson-2-classes" */ = {
			isa = XCConfigurationList;
			buildConfigurations = (
				44DB707121875FD60091BF55 /* Debug */,
				44DB707221875FD60091BF55 /* Release */,
			);
			defaultConfigurationIsVisible = 0;
			defaultConfigurationName = Release;
		};
		44DB707321875FD60091BF55 /* Build configuration list for PBXNativeTarget "EK-Lesson-2-classes" */ = {
			isa = XCConfigurationList;
			buildConfigurations = (
				44DB707421875FD60091BF55 /* Debug */,
				44DB707521875FD60091BF55 /* Release */,
			);
			defaultConfigurationIsVisible = 0;
			defaultConfigurationName = Release;
		};
/* End XCConfigurationList section */
	};
	rootObject = 44DB706421875FD60091BF55 /* Project object */;
}
